<?xml version="1.0" encoding="utf-8"?>
<Project ToolsVersion="4.0" xmlns="http://schemas.microsoft.com/developer/msbuild/2003">
  <ItemGroup>
    <Filter Include="Sample">
      <UniqueIdentifier>{4c6c1725-9dcb-4ddb-a916-78d22fcc3156}</UniqueIdentifier>
    </Filter>
    <Filter Include="Plugin">
      <UniqueIdentifier>{e19fc830-9319-4388-af46-d2d27017203c}</UniqueIdentifier>
    </Filter>
  </ItemGroup>
  <ItemGroup>
    <ClCompile Include="RPC3Sample.cpp">
      <Filter>Sample</Filter>
    </ClCompile>
    <ClCompile Include="..\..\DependentExtensions\RPC3\RPC3.cpp">
      <Filter>Plugin</Filter>
    </ClCompile>
  </ItemGroup>
  <ItemGroup>
    <ClInclude Include="..\..\DependentExtensions\RPC3\RPC3.h">
      <Filter>Plugin</Filter>
    </ClInclude>
    <ClInclude Include="..\..\DependentExtensions\RPC3\RPC3_Boost.h">
      <Filter>Plugin</Filter>
    </ClInclude>
  </ItemGroup>
</Project>