<?xml version="1.0" encoding="utf-8"?>
<Project ToolsVersion="4.0" xmlns="http://schemas.microsoft.com/developer/msbuild/2003">
  <ItemGroup>
    <Filter Include="Source Files">
      <UniqueIdentifier>{4FC737F1-C7A5-4376-A066-2A32D752A2FF}</UniqueIdentifier>
      <Extensions>cpp;c;cc;cxx;def;odl;idl;hpj;bat;asm;asmx</Extensions>
    </Filter>
    <Filter Include="Header Files">
      <UniqueIdentifier>{93995380-89BD-4b04-88EB-625FBE52EBFB}</UniqueIdentifier>
      <Extensions>h;hpp;hxx;hm;inl;inc;xsd</Extensions>
    </Filter>
    <Filter Include="Resource Files">
      <UniqueIdentifier>{67DA6AB6-F800-4c08-8B7A-83BB121AAD01}</UniqueIdentifier>
      <Extensions>rc;ico;cur;bmp;dlg;rc2;rct;bin;rgs;gif;jpg;jpeg;jpe;resx;tiff;tif;png;wav</Extensions>
    </Filter>
  </ItemGroup>
  <ItemGroup>
    <ClCompile Include="CommonFunctions.cpp">
      <Filter>Source Files</Filter>
    </ClCompile>
    <ClCompile Include="ComprehensiveConvertTest.cpp">
      <Filter>Source Files</Filter>
    </ClCompile>
    <ClCompile Include="ConnectWithSocketTest.cpp">
      <Filter>Source Files</Filter>
    </ClCompile>
    <ClCompile Include="CrossConnectionConvertTest.cpp">
      <Filter>Source Files</Filter>
    </ClCompile>
    <ClCompile Include="DebugTools.cpp">
      <Filter>Source Files</Filter>
    </ClCompile>
    <ClCompile Include="DroppedConnectionConvertTest.cpp">
      <Filter>Source Files</Filter>
    </ClCompile>
    <ClCompile Include="EightPeerTest.cpp">
      <Filter>Source Files</Filter>
    </ClCompile>
    <ClCompile Include="LocalIsConnectedTest.cpp">
      <Filter>Source Files</Filter>
    </ClCompile>
    <ClCompile Include="ManyClientsOneServerBlockingTest.cpp">
      <Filter>Source Files</Filter>
    </ClCompile>
    <ClCompile Include="ManyClientsOneServerDeallocateBlockingTest.cpp">
      <Filter>Source Files</Filter>
    </ClCompile>
    <ClCompile Include="ManyClientsOneServerNonBlockingTest.cpp">
      <Filter>Source Files</Filter>
    </ClCompile>
    <ClCompile Include="MaximumConnectTest.cpp">
      <Filter>Source Files</Filter>
    </ClCompile>
    <ClCompile Include="MiscellaneousTestsTest.cpp">
      <Filter>Source Files</Filter>
    </ClCompile>
    <ClCompile Include="OfflineMessagesConvertTest.cpp">
      <Filter>Source Files</Filter>
    </ClCompile>
    <ClCompile Include="PacketAndLowLevelTestsTest.cpp">
      <Filter>Source Files</Filter>
    </ClCompile>
    <ClCompile Include="PacketChangerPlugin.cpp">
      <Filter>Source Files</Filter>
    </ClCompile>
    <ClCompile Include="PacketDropPlugin.cpp">
      <Filter>Source Files</Filter>
    </ClCompile>
    <ClCompile Include="PeerConnectDisconnectTest.cpp">
      <Filter>Source Files</Filter>
    </ClCompile>
    <ClCompile Include="PeerConnectDisconnectWithCancelPendingTest.cpp">
      <Filter>Source Files</Filter>
    </ClCompile>
    <ClCompile Include="PingTestsTest.cpp">
      <Filter>Source Files</Filter>
    </ClCompile>
    <ClCompile Include="RakTimer.cpp">
      <Filter>Source Files</Filter>
    </ClCompile>
    <ClCompile Include="ReliableOrderedConvertedTest.cpp">
      <Filter>Source Files</Filter>
    </ClCompile>
    <ClCompile Include="SecurityFunctionsTest.cpp">
      <Filter>Source Files</Filter>
    </ClCompile>
    <ClCompile Include="SystemAddressAndGuidTest.cpp">
      <Filter>Source Files</Filter>
    </ClCompile>
    <ClCompile Include="TestHelpers.cpp">
      <Filter>Source Files</Filter>
    </ClCompile>
    <ClCompile Include="TestInterface.cpp">
      <Filter>Source Files</Filter>
    </ClCompile>
    <ClCompile Include="Tests.cpp">
      <Filter>Source Files</Filter>
    </ClCompile>
  </ItemGroup>
  <ItemGroup>
    <ClInclude Include="CommonFunctions.h">
      <Filter>Header Files</Filter>
    </ClInclude>
    <ClInclude Include="ComprehensiveConvertTest.h">
      <Filter>Header Files</Filter>
    </ClInclude>
    <ClInclude Include="ConnectWithSocketTest.h">
      <Filter>Header Files</Filter>
    </ClInclude>
    <ClInclude Include="CrossConnectionConvertTest.h">
      <Filter>Header Files</Filter>
    </ClInclude>
    <ClInclude Include="DebugTools.h">
      <Filter>Header Files</Filter>
    </ClInclude>
    <ClInclude Include="DroppedConnectionConvertTest.h">
      <Filter>Header Files</Filter>
    </ClInclude>
    <ClInclude Include="EightPeerTest.h">
      <Filter>Header Files</Filter>
    </ClInclude>
    <ClInclude Include="IncludeAllTests.h">
      <Filter>Header Files</Filter>
    </ClInclude>
    <ClInclude Include="LocalIsConnectedTest.h">
      <Filter>Header Files</Filter>
    </ClInclude>
    <ClInclude Include="ManyClientsOneServerBlockingTest.h">
      <Filter>Header Files</Filter>
    </ClInclude>
    <ClInclude Include="ManyClientsOneServerDeallocateBlockingTest.h">
      <Filter>Header Files</Filter>
    </ClInclude>
    <ClInclude Include="ManyClientsOneServerNonBlockingTest.h">
      <Filter>Header Files</Filter>
    </ClInclude>
    <ClInclude Include="MaximumConnectTest.h">
      <Filter>Header Files</Filter>
    </ClInclude>
    <ClInclude Include="MiscellaneousTestsTest.h">
      <Filter>Header Files</Filter>
    </ClInclude>
    <ClInclude Include="OfflineMessagesConvertTest.h">
      <Filter>Header Files</Filter>
    </ClInclude>
    <ClInclude Include="PacketAndLowLevelTestsTest.h">
      <Filter>Header Files</Filter>
    </ClInclude>
    <ClInclude Include="PacketChangerPlugin.h">
      <Filter>Header Files</Filter>
    </ClInclude>
    <ClInclude Include="PacketDropPlugin.h">
      <Filter>Header Files</Filter>
    </ClInclude>
    <ClInclude Include="PeerConnectDisconnectTest.h">
      <Filter>Header Files</Filter>
    </ClInclude>
    <ClInclude Include="PeerConnectDisconnectWithCancelPendingTest.h">
      <Filter>Header Files</Filter>
    </ClInclude>
    <ClInclude Include="PingTestsTest.h">
      <Filter>Header Files</Filter>
    </ClInclude>
    <ClInclude Include="RakTimer.h">
      <Filter>Header Files</Filter>
    </ClInclude>
    <ClInclude Include="ReliableOrderedConvertedTest.h">
      <Filter>Header Files</Filter>
    </ClInclude>
    <ClInclude Include="RouterInterfaceTester.h">
      <Filter>Header Files</Filter>
    </ClInclude>
    <ClInclude Include="SecurityFunctionsTest.h">
      <Filter>Header Files</Filter>
    </ClInclude>
    <ClInclude Include="SystemAddressAndGuidTest.h">
      <Filter>Header Files</Filter>
    </ClInclude>
    <ClInclude Include="TestHelpers.h">
      <Filter>Header Files</Filter>
    </ClInclude>
    <ClInclude Include="TestInterface.h">
      <Filter>Header Files</Filter>
    </ClInclude>
  </ItemGroup>
</Project>