<?xml version="1.0" encoding="utf-8"?>
<Project ToolsVersion="4.0" xmlns="http://schemas.microsoft.com/developer/msbuild/2003">
  <ItemGroup>
    <Filter Include="Source Files">
      <UniqueIdentifier>{4FC737F1-C7A5-4376-A066-2A32D752A2FF}</UniqueIdentifier>
      <Extensions>cpp;c;cc;cxx;def;odl;idl;hpj;bat;asm;asmx</Extensions>
    </Filter>
    <Filter Include="Header Files">
      <UniqueIdentifier>{93995380-89BD-4b04-88EB-625FBE52EBFB}</UniqueIdentifier>
      <Extensions>h;hpp;hxx;hm;inl;inc;xsd</Extensions>
    </Filter>
    <Filter Include="CrashReporter">
      <UniqueIdentifier>{d1e80f44-3093-4280-8011-af76cc5042f2}</UniqueIdentifier>
    </Filter>
    <Filter Include="DependentExtensions">
      <UniqueIdentifier>{f30d8843-6082-48c9-a603-6c605e0864cd}</UniqueIdentifier>
    </Filter>
    <Filter Include="AutopatcherPostgreRepository">
      <UniqueIdentifier>{6c98cad3-5bcd-4089-b338-196d6e14f742}</UniqueIdentifier>
    </Filter>
  </ItemGroup>
  <ItemGroup>
    <ClCompile Include="_findfirst.cpp">
      <Filter>Source Files</Filter>
    </ClCompile>
    <ClCompile Include="AsynchronousFileIO.cpp">
      <Filter>Source Files</Filter>
    </ClCompile>
    <ClCompile Include="BitStream.cpp">
      <Filter>Source Files</Filter>
    </ClCompile>
    <ClCompile Include="BitStream_NoTemplate.cpp">
      <Filter>Source Files</Filter>
    </ClCompile>
    <ClCompile Include="CheckSum.cpp">
      <Filter>Source Files</Filter>
    </ClCompile>
    <ClCompile Include="CommandParserInterface.cpp">
      <Filter>Source Files</Filter>
    </ClCompile>
    <ClCompile Include="ConnectionGraph.cpp">
      <Filter>Source Files</Filter>
    </ClCompile>
    <ClCompile Include="ConsoleServer.cpp">
      <Filter>Source Files</Filter>
    </ClCompile>
    <ClCompile Include="DataBlockEncryptor.cpp">
      <Filter>Source Files</Filter>
    </ClCompile>
    <ClCompile Include="DataCompressor.cpp">
      <Filter>Source Files</Filter>
    </ClCompile>
    <ClCompile Include="DirectoryDeltaTransfer.cpp">
      <Filter>Source Files</Filter>
    </ClCompile>
    <ClCompile Include="DS_ByteQueue.cpp">
      <Filter>Source Files</Filter>
    </ClCompile>
    <ClCompile Include="DS_HuffmanEncodingTree.cpp">
      <Filter>Source Files</Filter>
    </ClCompile>
    <ClCompile Include="DS_Table.cpp">
      <Filter>Source Files</Filter>
    </ClCompile>
    <ClCompile Include="EmailSender.cpp">
      <Filter>Source Files</Filter>
    </ClCompile>
    <ClCompile Include="EncodeClassName.cpp">
      <Filter>Source Files</Filter>
    </ClCompile>
    <ClCompile Include="ExtendedOverlappedPool.cpp">
      <Filter>Source Files</Filter>
    </ClCompile>
    <ClCompile Include="FileList.cpp">
      <Filter>Source Files</Filter>
    </ClCompile>
    <ClCompile Include="FileListTransfer.cpp">
      <Filter>Source Files</Filter>
    </ClCompile>
    <ClCompile Include="FileOperations.cpp">
      <Filter>Source Files</Filter>
    </ClCompile>
    <ClCompile Include="FullyConnectedMesh.cpp">
      <Filter>Source Files</Filter>
    </ClCompile>
    <ClCompile Include="GetTime.cpp">
      <Filter>Source Files</Filter>
    </ClCompile>
    <ClCompile Include="InternalPacketPool.cpp">
      <Filter>Source Files</Filter>
    </ClCompile>
    <ClCompile Include="LightweightDatabaseClient.cpp">
      <Filter>Source Files</Filter>
    </ClCompile>
    <ClCompile Include="LightweightDatabaseCommon.cpp">
      <Filter>Source Files</Filter>
    </ClCompile>
    <ClCompile Include="LightweightDatabaseServer.cpp">
      <Filter>Source Files</Filter>
    </ClCompile>
    <ClCompile Include="LinuxStrings.cpp">
      <Filter>Source Files</Filter>
    </ClCompile>
    <ClCompile Include="LogCommandParser.cpp">
      <Filter>Source Files</Filter>
    </ClCompile>
    <ClCompile Include="MessageFilter.cpp">
      <Filter>Source Files</Filter>
    </ClCompile>
    <ClCompile Include="NatPunchthrough.cpp">
      <Filter>Source Files</Filter>
    </ClCompile>
    <ClCompile Include="NetworkIDGenerator.cpp">
      <Filter>Source Files</Filter>
    </ClCompile>
    <ClCompile Include="PacketConsoleLogger.cpp">
      <Filter>Source Files</Filter>
    </ClCompile>
    <ClCompile Include="PacketFileLogger.cpp">
      <Filter>Source Files</Filter>
    </ClCompile>
    <ClCompile Include="PacketLogger.cpp">
      <Filter>Source Files</Filter>
    </ClCompile>
    <ClCompile Include="PluginInterface.cpp">
      <Filter>Source Files</Filter>
    </ClCompile>
    <ClCompile Include="RakNetCommandParser.cpp">
      <Filter>Source Files</Filter>
    </ClCompile>
    <ClCompile Include="RakNetStatistics.cpp">
      <Filter>Source Files</Filter>
    </ClCompile>
    <ClCompile Include="RakNetTransport.cpp">
      <Filter>Source Files</Filter>
    </ClCompile>
    <ClCompile Include="RakNetTypes.cpp">
      <Filter>Source Files</Filter>
    </ClCompile>
    <ClCompile Include="RakNetworkFactory.cpp">
      <Filter>Source Files</Filter>
    </ClCompile>
    <ClCompile Include="RakPeer.cpp">
      <Filter>Source Files</Filter>
    </ClCompile>
    <ClCompile Include="RakSleep.cpp">
      <Filter>Source Files</Filter>
    </ClCompile>
    <ClCompile Include="Rand.cpp">
      <Filter>Source Files</Filter>
    </ClCompile>
    <ClCompile Include="ReliabilityLayer.cpp">
      <Filter>Source Files</Filter>
    </ClCompile>
    <ClCompile Include="ReplicaManager.cpp">
      <Filter>Source Files</Filter>
    </ClCompile>
    <ClCompile Include="rijndael.cpp">
      <Filter>Source Files</Filter>
    </ClCompile>
    <ClCompile Include="Router.cpp">
      <Filter>Source Files</Filter>
    </ClCompile>
    <ClCompile Include="RPCMap.cpp">
      <Filter>Source Files</Filter>
    </ClCompile>
    <ClCompile Include="DR_SHA1.cpp">
      <Filter>Source Files</Filter>
    </ClCompile>
    <ClCompile Include="SimpleMutex.cpp">
      <Filter>Source Files</Filter>
    </ClCompile>
    <ClCompile Include="SocketLayer.cpp">
      <Filter>Source Files</Filter>
    </ClCompile>
    <ClCompile Include="StringCompressor.cpp">
      <Filter>Source Files</Filter>
    </ClCompile>
    <ClCompile Include="StringTable.cpp">
      <Filter>Source Files</Filter>
    </ClCompile>
    <ClCompile Include="SystemAddressList.cpp">
      <Filter>Source Files</Filter>
    </ClCompile>
    <ClCompile Include="TableSerializer.cpp">
      <Filter>Source Files</Filter>
    </ClCompile>
    <ClCompile Include="TCPInterface.cpp">
      <Filter>Source Files</Filter>
    </ClCompile>
    <ClCompile Include="TelnetTransport.cpp">
      <Filter>Source Files</Filter>
    </ClCompile>
    <ClCompile Include="ThreadsafePacketLogger.cpp">
      <Filter>Source Files</Filter>
    </ClCompile>
    <ClCompile Include="CrashReporter\CrashReporter.cpp">
      <Filter>CrashReporter</Filter>
    </ClCompile>
    <ClCompile Include="CrashReporter\SendFileTo.cpp">
      <Filter>CrashReporter</Filter>
    </ClCompile>
    <ClCompile Include="DependentExtensions\ApplyPatch.cpp">
      <Filter>DependentExtensions</Filter>
    </ClCompile>
    <ClCompile Include="DependentExtensions\CreatePatch.cpp">
      <Filter>DependentExtensions</Filter>
    </ClCompile>
    <ClCompile Include="DependentExtensions\MemoryCompressor.cpp">
      <Filter>DependentExtensions</Filter>
    </ClCompile>
    <ClCompile Include="DependentExtensions\RakVoice.cpp">
      <Filter>DependentExtensions</Filter>
    </ClCompile>
  </ItemGroup>
  <ItemGroup>
    <ClInclude Include="_findfirst.h">
      <Filter>Header Files</Filter>
    </ClInclude>
    <ClInclude Include="AsynchronousFileIO.h">
      <Filter>Header Files</Filter>
    </ClInclude>
    <ClInclude Include="AutopatcherPatchContext.h">
      <Filter>Header Files</Filter>
    </ClInclude>
    <ClInclude Include="AutopatcherRepositoryInterface.h">
      <Filter>Header Files</Filter>
    </ClInclude>
    <ClInclude Include="BigTypes.h">
      <Filter>Header Files</Filter>
    </ClInclude>
    <ClInclude Include="BitStream.h">
      <Filter>Header Files</Filter>
    </ClInclude>
    <ClInclude Include="CheckSum.h">
      <Filter>Header Files</Filter>
    </ClInclude>
    <ClInclude Include="ClientContextStruct.h">
      <Filter>Header Files</Filter>
    </ClInclude>
    <ClInclude Include="CommandParserInterface.h">
      <Filter>Header Files</Filter>
    </ClInclude>
    <ClInclude Include="ConnectionGraph.h">
      <Filter>Header Files</Filter>
    </ClInclude>
    <ClInclude Include="ConsoleServer.h">
      <Filter>Header Files</Filter>
    </ClInclude>
    <ClInclude Include="DataBlockEncryptor.h">
      <Filter>Header Files</Filter>
    </ClInclude>
    <ClInclude Include="DataCompressor.h">
      <Filter>Header Files</Filter>
    </ClInclude>
    <ClInclude Include="DirectoryDeltaTransfer.h">
      <Filter>Header Files</Filter>
    </ClInclude>
    <ClInclude Include="DS_BinarySearchTree.h">
      <Filter>Header Files</Filter>
    </ClInclude>
    <ClInclude Include="DS_BPlusTree.h">
      <Filter>Header Files</Filter>
    </ClInclude>
    <ClInclude Include="DS_ByteQueue.h">
      <Filter>Header Files</Filter>
    </ClInclude>
    <ClInclude Include="DS_Heap.h">
      <Filter>Header Files</Filter>
    </ClInclude>
    <ClInclude Include="DS_HuffmanEncodingTree.h">
      <Filter>Header Files</Filter>
    </ClInclude>
    <ClInclude Include="DS_HuffmanEncodingTreeFactory.h">
      <Filter>Header Files</Filter>
    </ClInclude>
    <ClInclude Include="DS_HuffmanEncodingTreeNode.h">
      <Filter>Header Files</Filter>
    </ClInclude>
    <ClInclude Include="DS_LinkedList.h">
      <Filter>Header Files</Filter>
    </ClInclude>
    <ClInclude Include="DS_List.h">
      <Filter>Header Files</Filter>
    </ClInclude>
    <ClInclude Include="DS_Map.h">
      <Filter>Header Files</Filter>
    </ClInclude>
    <ClInclude Include="DS_MemoryPool.h">
      <Filter>Header Files</Filter>
    </ClInclude>
    <ClInclude Include="DS_OrderedChannelHeap.h">
      <Filter>Header Files</Filter>
    </ClInclude>
    <ClInclude Include="DS_OrderedList.h">
      <Filter>Header Files</Filter>
    </ClInclude>
    <ClInclude Include="DS_Queue.h">
      <Filter>Header Files</Filter>
    </ClInclude>
    <ClInclude Include="DS_QueueLinkedList.h">
      <Filter>Header Files</Filter>
    </ClInclude>
    <ClInclude Include="DS_RangeList.h">
      <Filter>Header Files</Filter>
    </ClInclude>
    <ClInclude Include="DS_Table.h">
      <Filter>Header Files</Filter>
    </ClInclude>
    <ClInclude Include="DS_Tree.h">
      <Filter>Header Files</Filter>
    </ClInclude>
    <ClInclude Include="DS_WeightedGraph.h">
      <Filter>Header Files</Filter>
    </ClInclude>
    <ClInclude Include="EmailSender.h">
      <Filter>Header Files</Filter>
    </ClInclude>
    <ClInclude Include="Export.h">
      <Filter>Header Files</Filter>
    </ClInclude>
    <ClInclude Include="ExtendedOverlappedPool.h">
      <Filter>Header Files</Filter>
    </ClInclude>
    <ClInclude Include="FileList.h">
      <Filter>Header Files</Filter>
    </ClInclude>
    <ClInclude Include="FileListTransfer.h">
      <Filter>Header Files</Filter>
    </ClInclude>
    <ClInclude Include="FileListTransferCBInterface.h">
      <Filter>Header Files</Filter>
    </ClInclude>
    <ClInclude Include="FileOperations.h">
      <Filter>Header Files</Filter>
    </ClInclude>
    <ClInclude Include="FullyConnectedMesh.h">
      <Filter>Header Files</Filter>
    </ClInclude>
    <ClInclude Include="GetTime.h">
      <Filter>Header Files</Filter>
    </ClInclude>
    <ClInclude Include="InternalPacket.h">
      <Filter>Header Files</Filter>
    </ClInclude>
    <ClInclude Include="InternalPacketPool.h">
      <Filter>Header Files</Filter>
    </ClInclude>
    <ClInclude Include="LightweightDatabaseClient.h">
      <Filter>Header Files</Filter>
    </ClInclude>
    <ClInclude Include="LightweightDatabaseCommon.h">
      <Filter>Header Files</Filter>
    </ClInclude>
    <ClInclude Include="LightweightDatabaseServer.h">
      <Filter>Header Files</Filter>
    </ClInclude>
    <ClInclude Include="LinuxStrings.h">
      <Filter>Header Files</Filter>
    </ClInclude>
    <ClInclude Include="LogCommandParser.h">
      <Filter>Header Files</Filter>
    </ClInclude>
    <ClInclude Include="MessageFilter.h">
      <Filter>Header Files</Filter>
    </ClInclude>
    <ClInclude Include="MessageIdentifiers.h">
      <Filter>Header Files</Filter>
    </ClInclude>
    <ClInclude Include="MTUSize.h">
      <Filter>Header Files</Filter>
    </ClInclude>
    <ClInclude Include="NatPunchthrough.h">
      <Filter>Header Files</Filter>
    </ClInclude>
    <ClInclude Include="NetworkIDGenerator.h">
      <Filter>Header Files</Filter>
    </ClInclude>
    <ClInclude Include="PacketConsoleLogger.h">
      <Filter>Header Files</Filter>
    </ClInclude>
    <ClInclude Include="PacketFileLogger.h">
      <Filter>Header Files</Filter>
    </ClInclude>
    <ClInclude Include="PacketLogger.h">
      <Filter>Header Files</Filter>
    </ClInclude>
    <ClInclude Include="PacketPool.h">
      <Filter>Header Files</Filter>
    </ClInclude>
    <ClInclude Include="PacketPriority.h">
      <Filter>Header Files</Filter>
    </ClInclude>
    <ClInclude Include="PluginInterface.h">
      <Filter>Header Files</Filter>
    </ClInclude>
    <ClInclude Include="RakAssert.h">
      <Filter>Header Files</Filter>
    </ClInclude>
    <ClInclude Include="RakNetCommandParser.h">
      <Filter>Header Files</Filter>
    </ClInclude>
    <ClInclude Include="RakNetDefines.h">
      <Filter>Header Files</Filter>
    </ClInclude>
    <ClInclude Include="RakNetStatistics.h">
      <Filter>Header Files</Filter>
    </ClInclude>
    <ClInclude Include="RakNetTransport.h">
      <Filter>Header Files</Filter>
    </ClInclude>
    <ClInclude Include="RakNetTypes.h">
      <Filter>Header Files</Filter>
    </ClInclude>
    <ClInclude Include="RakNetworkFactory.h">
      <Filter>Header Files</Filter>
    </ClInclude>
    <ClInclude Include="RakPeer.h">
      <Filter>Header Files</Filter>
    </ClInclude>
    <ClInclude Include="RakPeerInterface.h">
      <Filter>Header Files</Filter>
    </ClInclude>
    <ClInclude Include="RakSleep.h">
      <Filter>Header Files</Filter>
    </ClInclude>
    <ClInclude Include="Rand.h">
      <Filter>Header Files</Filter>
    </ClInclude>
    <ClInclude Include="ReliabilityLayer.h">
      <Filter>Header Files</Filter>
    </ClInclude>
    <ClInclude Include="Replica.h">
      <Filter>Header Files</Filter>
    </ClInclude>
    <ClInclude Include="ReplicaEnums.h">
      <Filter>Header Files</Filter>
    </ClInclude>
    <ClInclude Include="ReplicaManager.h">
      <Filter>Header Files</Filter>
    </ClInclude>
    <ClInclude Include="rijndael-boxes.h">
      <Filter>Header Files</Filter>
    </ClInclude>
    <ClInclude Include="rijndael.h">
      <Filter>Header Files</Filter>
    </ClInclude>
    <ClInclude Include="Router.h">
      <Filter>Header Files</Filter>
    </ClInclude>
    <ClInclude Include="RouterInterface.h">
      <Filter>Header Files</Filter>
    </ClInclude>
    <ClInclude Include="RPCMap.h">
      <Filter>Header Files</Filter>
    </ClInclude>
    <ClInclude Include="RPCNode.h">
      <Filter>Header Files</Filter>
    </ClInclude>
    <ClInclude Include="RSACrypt.h">
      <Filter>Header Files</Filter>
    </ClInclude>
    <ClInclude Include="DR_SHA1.h">
      <Filter>Header Files</Filter>
    </ClInclude>
    <ClInclude Include="SimpleMutex.h">
      <Filter>Header Files</Filter>
    </ClInclude>
    <ClInclude Include="SimpleTCPServer.h">
      <Filter>Header Files</Filter>
    </ClInclude>
    <ClInclude Include="SingleProducerConsumer.h">
      <Filter>Header Files</Filter>
    </ClInclude>
    <ClInclude Include="SocketLayer.h">
      <Filter>Header Files</Filter>
    </ClInclude>
    <ClInclude Include="StringCompressor.h">
      <Filter>Header Files</Filter>
    </ClInclude>
    <ClInclude Include="StringTable.h">
      <Filter>Header Files</Filter>
    </ClInclude>
    <ClInclude Include="SystemAddressList.h">
      <Filter>Header Files</Filter>
    </ClInclude>
    <ClInclude Include="TableSerializer.h">
      <Filter>Header Files</Filter>
    </ClInclude>
    <ClInclude Include="TCPInterface.h">
      <Filter>Header Files</Filter>
    </ClInclude>
    <ClInclude Include="TelnetTransport.h">
      <Filter>Header Files</Filter>
    </ClInclude>
    <ClInclude Include="ThreadPool.h">
      <Filter>Header Files</Filter>
    </ClInclude>
    <ClInclude Include="ThreadsafePacketLogger.h">
      <Filter>Header Files</Filter>
    </ClInclude>
    <ClInclude Include="TransportInterface.h">
      <Filter>Header Files</Filter>
    </ClInclude>
    <ClInclude Include="Types.h">
      <Filter>Header Files</Filter>
    </ClInclude>
    <ClInclude Include="CrashReporter\CrashReporter.h">
      <Filter>CrashReporter</Filter>
    </ClInclude>
    <ClInclude Include="CrashReporter\SendFileTo.h">
      <Filter>CrashReporter</Filter>
    </ClInclude>
    <ClInclude Include="DependentExtensions\ApplyPatch.h">
      <Filter>DependentExtensions</Filter>
    </ClInclude>
    <ClInclude Include="DependentExtensions\CreatePatch.h">
      <Filter>DependentExtensions</Filter>
    </ClInclude>
    <ClInclude Include="DependentExtensions\MemoryCompressor.h">
      <Filter>DependentExtensions</Filter>
    </ClInclude>
    <ClInclude Include="DependentExtensions\RakVoice.h">
      <Filter>DependentExtensions</Filter>
    </ClInclude>
  </ItemGroup>
</Project>